
Microsoft Visual Studio Solution File, Format Version 12.00
# Visual Studio 15
VisualStudioVersion = 15.0.28307.1622
MinimumVisualStudioVersion = 10.0.40219.1
Project("{FAE04EC0-301F-11D3-BF4B-00C04F79EFBC}") = "FileBucket", "FileBucket\FileBucket.csproj", "{E131B159-53DA-469F-B7BB-8920F25E4B7C}"
EndProject
Global
	GlobalSection(SolutionConfigurationPlatforms) = preSolution
		Debug|Any CPU = Debug|Any CPU
		Release|Any CPU = Release|Any CPU
	EndGlobalSection
	GlobalSection(ProjectConfigurationPlatforms) = postSolution
		{E131B159-53DA-469F-B7BB-8920F25E4B7C}.Debug|Any CPU.ActiveCfg = Debug|Any CPU
		{E131B159-53DA-469F-B7BB-8920F25E4B7C}.Debug|Any CPU.Build.0 = Debug|Any CPU
		{E131B159-53DA-469F-B7BB-8920F25E4B7C}.Release|Any CPU.ActiveCfg = Release|Any CPU
		{E131B159-53DA-469F-B7BB-8920F25E4B7C}.Release|Any CPU.Build.0 = Release|Any CPU
	EndGlobalSection
	GlobalSection(SolutionProperties) = preSolution
		HideSolutionNode = FALSE
	EndGlobalSection
	GlobalSection(ExtensibilityGlobals) = postSolution
		SolutionGuid = {1839B43A-0C6F-4038-A5DA-B85C11BE92D9}
	EndGlobalSection
EndGlobal
